
Microsoft Visual Studio Solution File, Format Version 12.00
# Visual Studio Version 16
VisualStudioVersion = 16.0.32510.428
MinimumVisualStudioVersion = 10.0.40219.1
Project("{FAE04EC0-301F-11D3-BF4B-00C04F79EFBC}") = "WinFormDemo", "WinFormDemo\WinFormDemo.csproj", "{691E5BC7-86A8-416C-B1D4-D51A25A94A41}"
EndProject
Global
	GlobalSection(SolutionConfigurationPlatforms) = preSolution
		Debug|Any CPU = Debug|Any CPU
		Release|Any CPU = Release|Any CPU
	EndGlobalSection
	GlobalSection(ProjectConfigurationPlatforms) = postSolution
		{691E5BC7-86A8-416C-B1D4-D51A25A94A41}.Debug|Any CPU.ActiveCfg = Debug|Any CPU
		{691E5BC7-86A8-416C-B1D4-D51A25A94A41}.Debug|Any CPU.Build.0 = Debug|Any CPU
		{691E5BC7-86A8-416C-B1D4-D51A25A94A41}.Release|Any CPU.ActiveCfg = Release|Any CPU
		{691E5BC7-86A8-416C-B1D4-D51A25A94A41}.Release|Any CPU.Build.0 = Release|Any CPU
	EndGlobalSection
	GlobalSection(SolutionProperties) = preSolution
		HideSolutionNode = FALSE
	EndGlobalSection
	GlobalSection(ExtensibilityGlobals) = postSolution
		SolutionGuid = {A1A4677C-D203-47F6-B26A-C6F39DCE6B48}
	EndGlobalSection
EndGlobal
